{
  "name": "callout-alert",
  "version": "1.0.0",
  "lockfileVersion": 3,
  "requires": true,
  "packages": {
    "": {
      "name": "callout-alert",
      "version": "1.0.0",
      "license": "ISC",
      "devDependencies": {
        "tram-lite": "^5.2.0"
      }
    },
    "node_modules/tram-lite": {
      "version": "5.2.0",
      "resolved": "https://registry.npmjs.org/tram-lite/-/tram-lite-5.2.0.tgz",
      "integrity": "sha512-M/Y+PTS1HZqN9BVszy6060J4g9/Bgd3h4f+2YeW+wibsLDnVLl35n1zG1xVXsw1pZsZFH8cvCSbN7dkjtuejjQ==",
      "dev": true,
      "bin": {
        "export-components": "output/export-components.js"
      }
    }
  }
}
